
Microsoft Visual Studio Solution File, Format Version 12.00
# Visual Studio Version 17
VisualStudioVersion = 17.0.31903.59
MinimumVisualStudioVersion = 10.0.40219.1
Project("{2150E333-8FDC-42A3-9474-1A3956D46DE8}") = "AppHost", "AppHost", "{90DCE71B-4939-B80A-CE8C-85DE2210C7AC}"
EndProject
Project("{FAE04EC0-301F-11D3-BF4B-00C04F79EFBC}") = "Ai_Exp.AppHost", "AppHost\Ai_Exp.AppHost.csproj", "{ABF5DF06-1561-4CA6-93DA-49442AA4DFC8}"
EndProject
Project("{2150E333-8FDC-42A3-9474-1A3956D46DE8}") = "ServiceDefaults", "ServiceDefaults", "{74AAC13F-230C-588C-5568-D96188CD79F4}"
EndProject
Project("{FAE04EC0-301F-11D3-BF4B-00C04F79EFBC}") = "Ai_Exp.ServiceDefaults", "ServiceDefaults\Ai_Exp.ServiceDefaults.csproj", "{737D6D9E-7E23-4D92-994F-C948377D1E58}"
EndProject
Project("{2150E333-8FDC-42A3-9474-1A3956D46DE8}") = "src", "src", "{827E0CD3-B72D-47B6-A68D-7590B98EB39B}"
EndProject
Project("{FAE04EC0-301F-11D3-BF4B-00C04F79EFBC}") = "AiExp.Web.Api", "src\AiExp.Web.Api\AiExp.Web.Api.csproj", "{EC096960-41FF-4307-BE66-412D34D3B5F4}"
EndProject
Project("{2150E333-8FDC-42A3-9474-1A3956D46DE8}") = "tests", "tests", "{0AB3BF05-4346-4AA6-1389-037BE0695223}"
EndProject
Project("{FAE04EC0-301F-11D3-BF4B-00C04F79EFBC}") = "AiExp.Web.Api.UnitTests", "tests\AiExp.Web.Api.UnitTests\AiExp.Web.Api.UnitTests.csproj", "{E5FE8CE1-1D3B-44C5-AAF7-8C1CDA556AD4}"
EndProject
Project("{FAE04EC0-301F-11D3-BF4B-00C04F79EFBC}") = "AiExp.Web.Api.IntegrationTests", "tests\AiExp.Web.Api.IntegrationTests\AiExp.Web.Api.IntegrationTests.csproj", "{2F9DEFA1-3300-4D63-92A4-64AAB9A9DDB3}"
EndProject
Global
	GlobalSection(SolutionConfigurationPlatforms) = preSolution
		Debug|Any CPU = Debug|Any CPU
		Debug|x64 = Debug|x64
		Debug|x86 = Debug|x86
		Release|Any CPU = Release|Any CPU
		Release|x64 = Release|x64
		Release|x86 = Release|x86
	EndGlobalSection
	GlobalSection(ProjectConfigurationPlatforms) = postSolution
		{ABF5DF06-1561-4CA6-93DA-49442AA4DFC8}.Debug|Any CPU.ActiveCfg = Debug|Any CPU
		{ABF5DF06-1561-4CA6-93DA-49442AA4DFC8}.Debug|Any CPU.Build.0 = Debug|Any CPU
		{ABF5DF06-1561-4CA6-93DA-49442AA4DFC8}.Debug|x64.ActiveCfg = Debug|Any CPU
		{ABF5DF06-1561-4CA6-93DA-49442AA4DFC8}.Debug|x64.Build.0 = Debug|Any CPU
		{ABF5DF06-1561-4CA6-93DA-49442AA4DFC8}.Debug|x86.ActiveCfg = Debug|Any CPU
		{ABF5DF06-1561-4CA6-93DA-49442AA4DFC8}.Debug|x86.Build.0 = Debug|Any CPU
		{ABF5DF06-1561-4CA6-93DA-49442AA4DFC8}.Release|Any CPU.ActiveCfg = Release|Any CPU
		{ABF5DF06-1561-4CA6-93DA-49442AA4DFC8}.Release|Any CPU.Build.0 = Release|Any CPU
		{ABF5DF06-1561-4CA6-93DA-49442AA4DFC8}.Release|x64.ActiveCfg = Release|Any CPU
		{ABF5DF06-1561-4CA6-93DA-49442AA4DFC8}.Release|x64.Build.0 = Release|Any CPU
		{ABF5DF06-1561-4CA6-93DA-49442AA4DFC8}.Release|x86.ActiveCfg = Release|Any CPU
		{ABF5DF06-1561-4CA6-93DA-49442AA4DFC8}.Release|x86.Build.0 = Release|Any CPU
		{737D6D9E-7E23-4D92-994F-C948377D1E58}.Debug|Any CPU.ActiveCfg = Debug|Any CPU
		{737D6D9E-7E23-4D92-994F-C948377D1E58}.Debug|Any CPU.Build.0 = Debug|Any CPU
		{737D6D9E-7E23-4D92-994F-C948377D1E58}.Debug|x64.ActiveCfg = Debug|Any CPU
		{737D6D9E-7E23-4D92-994F-C948377D1E58}.Debug|x64.Build.0 = Debug|Any CPU
		{737D6D9E-7E23-4D92-994F-C948377D1E58}.Debug|x86.ActiveCfg = Debug|Any CPU
		{737D6D9E-7E23-4D92-994F-C948377D1E58}.Debug|x86.Build.0 = Debug|Any CPU
		{737D6D9E-7E23-4D92-994F-C948377D1E58}.Release|Any CPU.ActiveCfg = Release|Any CPU
		{737D6D9E-7E23-4D92-994F-C948377D1E58}.Release|Any CPU.Build.0 = Release|Any CPU
		{737D6D9E-7E23-4D92-994F-C948377D1E58}.Release|x64.ActiveCfg = Release|Any CPU
		{737D6D9E-7E23-4D92-994F-C948377D1E58}.Release|x64.Build.0 = Release|Any CPU
		{737D6D9E-7E23-4D92-994F-C948377D1E58}.Release|x86.ActiveCfg = Release|Any CPU
		{737D6D9E-7E23-4D92-994F-C948377D1E58}.Release|x86.Build.0 = Release|Any CPU
		{EC096960-41FF-4307-BE66-412D34D3B5F4}.Debug|Any CPU.ActiveCfg = Debug|Any CPU
		{EC096960-41FF-4307-BE66-412D34D3B5F4}.Debug|Any CPU.Build.0 = Debug|Any CPU
		{EC096960-41FF-4307-BE66-412D34D3B5F4}.Debug|x64.ActiveCfg = Debug|Any CPU
		{EC096960-41FF-4307-BE66-412D34D3B5F4}.Debug|x64.Build.0 = Debug|Any CPU
		{EC096960-41FF-4307-BE66-412D34D3B5F4}.Debug|x86.ActiveCfg = Debug|Any CPU
		{EC096960-41FF-4307-BE66-412D34D3B5F4}.Debug|x86.Build.0 = Debug|Any CPU
		{EC096960-41FF-4307-BE66-412D34D3B5F4}.Release|Any CPU.ActiveCfg = Release|Any CPU
		{EC096960-41FF-4307-BE66-412D34D3B5F4}.Release|Any CPU.Build.0 = Release|Any CPU
		{EC096960-41FF-4307-BE66-412D34D3B5F4}.Release|x64.ActiveCfg = Release|Any CPU
		{EC096960-41FF-4307-BE66-412D34D3B5F4}.Release|x64.Build.0 = Release|Any CPU
		{EC096960-41FF-4307-BE66-412D34D3B5F4}.Release|x86.ActiveCfg = Release|Any CPU
		{EC096960-41FF-4307-BE66-412D34D3B5F4}.Release|x86.Build.0 = Release|Any CPU
		{E5FE8CE1-1D3B-44C5-AAF7-8C1CDA556AD4}.Debug|Any CPU.ActiveCfg = Debug|Any CPU
		{E5FE8CE1-1D3B-44C5-AAF7-8C1CDA556AD4}.Debug|Any CPU.Build.0 = Debug|Any CPU
		{E5FE8CE1-1D3B-44C5-AAF7-8C1CDA556AD4}.Debug|x64.ActiveCfg = Debug|Any CPU
		{E5FE8CE1-1D3B-44C5-AAF7-8C1CDA556AD4}.Debug|x64.Build.0 = Debug|Any CPU
		{E5FE8CE1-1D3B-44C5-AAF7-8C1CDA556AD4}.Debug|x86.ActiveCfg = Debug|Any CPU
		{E5FE8CE1-1D3B-44C5-AAF7-8C1CDA556AD4}.Debug|x86.Build.0 = Debug|Any CPU
		{E5FE8CE1-1D3B-44C5-AAF7-8C1CDA556AD4}.Release|Any CPU.ActiveCfg = Release|Any CPU
		{E5FE8CE1-1D3B-44C5-AAF7-8C1CDA556AD4}.Release|Any CPU.Build.0 = Release|Any CPU
		{E5FE8CE1-1D3B-44C5-AAF7-8C1CDA556AD4}.Release|x64.ActiveCfg = Release|Any CPU
		{E5FE8CE1-1D3B-44C5-AAF7-8C1CDA556AD4}.Release|x64.Build.0 = Release|Any CPU
		{E5FE8CE1-1D3B-44C5-AAF7-8C1CDA556AD4}.Release|x86.ActiveCfg = Release|Any CPU
		{E5FE8CE1-1D3B-44C5-AAF7-8C1CDA556AD4}.Release|x86.Build.0 = Release|Any CPU
		{2F9DEFA1-3300-4D63-92A4-64AAB9A9DDB3}.Debug|Any CPU.ActiveCfg = Debug|Any CPU
		{2F9DEFA1-3300-4D63-92A4-64AAB9A9DDB3}.Debug|Any CPU.Build.0 = Debug|Any CPU
		{2F9DEFA1-3300-4D63-92A4-64AAB9A9DDB3}.Debug|x64.ActiveCfg = Debug|Any CPU
		{2F9DEFA1-3300-4D63-92A4-64AAB9A9DDB3}.Debug|x64.Build.0 = Debug|Any CPU
		{2F9DEFA1-3300-4D63-92A4-64AAB9A9DDB3}.Debug|x86.ActiveCfg = Debug|Any CPU
		{2F9DEFA1-3300-4D63-92A4-64AAB9A9DDB3}.Debug|x86.Build.0 = Debug|Any CPU
		{2F9DEFA1-3300-4D63-92A4-64AAB9A9DDB3}.Release|Any CPU.ActiveCfg = Release|Any CPU
		{2F9DEFA1-3300-4D63-92A4-64AAB9A9DDB3}.Release|Any CPU.Build.0 = Release|Any CPU
		{2F9DEFA1-3300-4D63-92A4-64AAB9A9DDB3}.Release|x64.ActiveCfg = Release|Any CPU
		{2F9DEFA1-3300-4D63-92A4-64AAB9A9DDB3}.Release|x64.Build.0 = Release|Any CPU
		{2F9DEFA1-3300-4D63-92A4-64AAB9A9DDB3}.Release|x86.ActiveCfg = Release|Any CPU
		{2F9DEFA1-3300-4D63-92A4-64AAB9A9DDB3}.Release|x86.Build.0 = Release|Any CPU
	EndGlobalSection
	GlobalSection(SolutionProperties) = preSolution
		HideSolutionNode = FALSE
	EndGlobalSection
	GlobalSection(NestedProjects) = preSolution
		{ABF5DF06-1561-4CA6-93DA-49442AA4DFC8} = {90DCE71B-4939-B80A-CE8C-85DE2210C7AC}
		{737D6D9E-7E23-4D92-994F-C948377D1E58} = {74AAC13F-230C-588C-5568-D96188CD79F4}
		{EC096960-41FF-4307-BE66-412D34D3B5F4} = {827E0CD3-B72D-47B6-A68D-7590B98EB39B}
		{E5FE8CE1-1D3B-44C5-AAF7-8C1CDA556AD4} = {0AB3BF05-4346-4AA6-1389-037BE0695223}
		{2F9DEFA1-3300-4D63-92A4-64AAB9A9DDB3} = {0AB3BF05-4346-4AA6-1389-037BE0695223}
	EndGlobalSection
EndGlobal
